
Microsoft Visual Studio Solution File, Format Version 12.00
# Visual Studio Version 16
VisualStudioVersion = 16.0.31702.278
MinimumVisualStudioVersion = 10.0.40219.1
Project("{FAE04EC0-301F-11D3-BF4B-00C04F79EFBC}") = "Demo.Web", "Demo.Web\Demo.Web.csproj", "{B767126C-B4EB-4138-8876-16D03352A139}"
EndProject
Project("{FAE04EC0-301F-11D3-BF4B-00C04F79EFBC}") = "Demo.Api", "Demo.Api\Demo.Api.csproj", "{BB9B87C0-21A6-4AFB-B0F0-16670416F58B}"
EndProject
Project("{FAE04EC0-301F-11D3-BF4B-00C04F79EFBC}") = "Demo.Models", "Demo.Models\Demo.Models.csproj", "{B140EB75-6F30-4C11-A834-5AA2FCB965F2}"
EndProject
Global
	GlobalSection(SolutionConfigurationPlatforms) = preSolution
		Debug|Any CPU = Debug|Any CPU
		Release|Any CPU = Release|Any CPU
	EndGlobalSection
	GlobalSection(ProjectConfigurationPlatforms) = postSolution
		{B767126C-B4EB-4138-8876-16D03352A139}.Debug|Any CPU.ActiveCfg = Debug|Any CPU
		{B767126C-B4EB-4138-8876-16D03352A139}.Debug|Any CPU.Build.0 = Debug|Any CPU
		{B767126C-B4EB-4138-8876-16D03352A139}.Release|Any CPU.ActiveCfg = Release|Any CPU
		{B767126C-B4EB-4138-8876-16D03352A139}.Release|Any CPU.Build.0 = Release|Any CPU
		{BB9B87C0-21A6-4AFB-B0F0-16670416F58B}.Debug|Any CPU.ActiveCfg = Debug|Any CPU
		{BB9B87C0-21A6-4AFB-B0F0-16670416F58B}.Debug|Any CPU.Build.0 = Debug|Any CPU
		{BB9B87C0-21A6-4AFB-B0F0-16670416F58B}.Release|Any CPU.ActiveCfg = Release|Any CPU
		{BB9B87C0-21A6-4AFB-B0F0-16670416F58B}.Release|Any CPU.Build.0 = Release|Any CPU
		{B140EB75-6F30-4C11-A834-5AA2FCB965F2}.Debug|Any CPU.ActiveCfg = Debug|Any CPU
		{B140EB75-6F30-4C11-A834-5AA2FCB965F2}.Debug|Any CPU.Build.0 = Debug|Any CPU
		{B140EB75-6F30-4C11-A834-5AA2FCB965F2}.Release|Any CPU.ActiveCfg = Release|Any CPU
		{B140EB75-6F30-4C11-A834-5AA2FCB965F2}.Release|Any CPU.Build.0 = Release|Any CPU
	EndGlobalSection
	GlobalSection(SolutionProperties) = preSolution
		HideSolutionNode = FALSE
	EndGlobalSection
	GlobalSection(ExtensibilityGlobals) = postSolution
		SolutionGuid = {6D0DDD60-5846-4D10-B247-E83238034880}
	EndGlobalSection
EndGlobal
